
Microsoft Visual Studio Solution File, Format Version 12.00
# Visual Studio Version 17
VisualStudioVersion = 17.1.32319.34
MinimumVisualStudioVersion = 10.0.40219.1
Project("{FAE04EC0-301F-11D3-BF4B-00C04F79EFBC}") = "HappySpoon2", "HappySpoon2\HappySpoon2.csproj", "{A3C9499E-0E7C-4E67-9E3E-6A65B79380F0}"
EndProject
Global
	GlobalSection(SolutionConfigurationPlatforms) = preSolution
		Debug|Any CPU = Debug|Any CPU
		Release|Any CPU = Release|Any CPU
	EndGlobalSection
	GlobalSection(ProjectConfigurationPlatforms) = postSolution
		{A3C9499E-0E7C-4E67-9E3E-6A65B79380F0}.Debug|Any CPU.ActiveCfg = Debug|Any CPU
		{A3C9499E-0E7C-4E67-9E3E-6A65B79380F0}.Debug|Any CPU.Build.0 = Debug|Any CPU
		{A3C9499E-0E7C-4E67-9E3E-6A65B79380F0}.Release|Any CPU.ActiveCfg = Release|Any CPU
		{A3C9499E-0E7C-4E67-9E3E-6A65B79380F0}.Release|Any CPU.Build.0 = Release|Any CPU
	EndGlobalSection
	GlobalSection(SolutionProperties) = preSolution
		HideSolutionNode = FALSE
	EndGlobalSection
	GlobalSection(ExtensibilityGlobals) = postSolution
		SolutionGuid = {1FC4BFE0-C6B4-4AAC-A65F-E536E9E20ABC}
	EndGlobalSection
EndGlobal
